# This file is generated by running "yarn install" inside your project.
# Manual changes might be lost - proceed with caution!

__metadata:
  version: 10
  cacheKey: 10c0

"@lcui/react@workspace:.":
  version: 0.0.0-use.local
  resolution: "@lcui/react@workspace:."
  dependencies:
    "@types/react": "npm:^18.2.23"
    change-case-all: "npm:^2.1.0"
    react: "npm:^18.2.0"
    typescript: "npm:^5.4.2"
  peerDependencies:
    react: ^18.2.0
  languageName: unknown
  linkType: soft

"@types/prop-types@npm:*":
  version: 15.7.7
  resolution: "@types/prop-types@npm:15.7.7"
  checksum: 10c0/26d565ebae8c28dede71547d687367ce74eeccc645fdbef2d38478fe293996be24784fa6190586ba303ccd274aa94d8a631d36a5d9b8e0c08f5647ff3244d72c
  languageName: node
  linkType: hard

"@types/react@npm:^18.2.23":
  version: 18.2.23
  resolution: "@types/react@npm:18.2.23"
  dependencies:
    "@types/prop-types": "npm:*"
    "@types/scheduler": "npm:*"
    csstype: "npm:^3.0.2"
  checksum: 10c0/6bb169b4ad86d0824493a147d2503f93e528423ada27494d6478da109c830757e0c3b6681b22ee3641fbf1ca5d99c5e3cced73e07c50b1811e79de8bc9b1a19e
  languageName: node
  linkType: hard

"@types/scheduler@npm:*":
  version: 0.16.4
  resolution: "@types/scheduler@npm:0.16.4"
  checksum: 10c0/2355e63251c6c6467806c9e7085f5fad350a1e87f811cf416f1e48a888b7da4ecc4bae2b67b7b10d8f5e518305ef2b5d4a8451227158552942794b87be43c5dd
  languageName: node
  linkType: hard

"change-case-all@npm:^2.1.0":
  version: 2.1.0
  resolution: "change-case-all@npm:2.1.0"
  dependencies:
    change-case: "npm:^5.2.0"
    sponge-case: "npm:^2.0.2"
    swap-case: "npm:^3.0.2"
    title-case: "npm:^3.0.3"
  checksum: 10c0/67b63d8aa4bc6d45830b3242edb8d230946260264c90f7255894c99fa8be59b1aeb852a2a13a9dde7f3cfbfd149ba8ee0a4dbaf013cd76ed5a644e7f557d6d39
  languageName: node
  linkType: hard

"change-case@npm:^5.2.0":
  version: 5.4.4
  resolution: "change-case@npm:5.4.4"
  checksum: 10c0/2a9c2b9c9ad6ab2491105aaf506db1a9acaf543a18967798dcce20926c6a173aa63266cb6189f3086e3c14bf7ae1f8ea4f96ecc466fcd582310efa00372f3734
  languageName: node
  linkType: hard

"csstype@npm:^3.0.2":
  version: 3.1.2
  resolution: "csstype@npm:3.1.2"
  checksum: 10c0/32c038af259897c807ac738d9eab16b3d86747c72b09d5c740978e06f067f9b7b1737e1b75e407c7ab1fe1543dc95f20e202b4786aeb1b8d3bdf5d5ce655e6c6
  languageName: node
  linkType: hard

"js-tokens@npm:^3.0.0 || ^4.0.0":
  version: 4.0.0
  resolution: "js-tokens@npm:4.0.0"
  checksum: 10c0/e248708d377aa058eacf2037b07ded847790e6de892bbad3dac0abba2e759cb9f121b00099a65195616badcb6eca8d14d975cb3e89eb1cfda644756402c8aeed
  languageName: node
  linkType: hard

"loose-envify@npm:^1.1.0":
  version: 1.4.0
  resolution: "loose-envify@npm:1.4.0"
  dependencies:
    js-tokens: "npm:^3.0.0 || ^4.0.0"
  bin:
    loose-envify: cli.js
  checksum: 10c0/655d110220983c1a4b9c0c679a2e8016d4b67f6e9c7b5435ff5979ecdb20d0813f4dec0a08674fcbdd4846a3f07edbb50a36811fd37930b94aaa0d9daceb017e
  languageName: node
  linkType: hard

"react@npm:^18.2.0":
  version: 18.2.0
  resolution: "react@npm:18.2.0"
  dependencies:
    loose-envify: "npm:^1.1.0"
  checksum: 10c0/b562d9b569b0cb315e44b48099f7712283d93df36b19a39a67c254c6686479d3980b7f013dc931f4a5a3ae7645eae6386b4aa5eea933baa54ecd0f9acb0902b8
  languageName: node
  linkType: hard

"sponge-case@npm:^2.0.2":
  version: 2.0.3
  resolution: "sponge-case@npm:2.0.3"
  checksum: 10c0/8fb0914cbe2b3f0530a62ba9d03e1e473ba16ba1c7391ff040a948e6c6a620945e6c71fa696050b079ec23366935808bd55d9d004721d76cc7bb0afc81f83616
  languageName: node
  linkType: hard

"swap-case@npm:^3.0.2":
  version: 3.0.3
  resolution: "swap-case@npm:3.0.3"
  checksum: 10c0/8f2d59b6222e0f177c7176e21c51eb5678d63d5635f096019f22a312a7f5c11fc16d475826a1b1fd6b55243183e192c6f497c7090f3b587e16addba794b68ffb
  languageName: node
  linkType: hard

"title-case@npm:^3.0.3":
  version: 3.0.3
  resolution: "title-case@npm:3.0.3"
  dependencies:
    tslib: "npm:^2.0.3"
  checksum: 10c0/face56f686060f777b43a180d371407124d201eb4238c19d9e97030fd54859696ca4e2ca499cc232f8700f24f2414cc08aab9fdf6d39acff055dd825a4d86d6a
  languageName: node
  linkType: hard

"tslib@npm:^2.0.3":
  version: 2.8.1
  resolution: "tslib@npm:2.8.1"
  checksum: 10c0/9c4759110a19c53f992d9aae23aac5ced636e99887b51b9e61def52611732872ff7668757d4e4c61f19691e36f4da981cd9485e869b4a7408d689f6bf1f14e62
  languageName: node
  linkType: hard

"typescript@npm:^5.4.2":
  version: 5.4.2
  resolution: "typescript@npm:5.4.2"
  bin:
    tsc: bin/tsc
    tsserver: bin/tsserver
  checksum: 10c0/583ff68cafb0c076695f72d61df6feee71689568179fb0d3a4834dac343df6b6ed7cf7b6f6c801fa52d43cd1d324e2f2d8ae4497b09f9e6cfe3d80a6d6c9ca52
  languageName: node
  linkType: hard

"typescript@patch:typescript@npm%3A^5.4.2#optional!builtin<compat/typescript>":
  version: 5.4.2
  resolution: "typescript@patch:typescript@npm%3A5.4.2#optional!builtin<compat/typescript>::version=5.4.2&hash=5adc0c"
  bin:
    tsc: bin/tsc
    tsserver: bin/tsserver
  checksum: 10c0/fcf6658073d07283910d9a0e04b1d5d0ebc822c04dbb7abdd74c3151c7aa92fcddbac7d799404e358197222006ccdc4c0db219d223d2ee4ccd9e2b01333b49be
  languageName: node
  linkType: hard
