# This file is generated by running "yarn install" inside your project.
# Manual changes might be lost - proceed with caution!

__metadata:
  version: 10
  cacheKey: 10c0

"@lcui/react@workspace:.":
  version: 0.0.0-use.local
  resolution: "@lcui/react@workspace:."
  dependencies:
    "@types/react": "npm:^18.3.29"
    change-case-all: "npm:^2.1.0"
    react: "npm:^18.2.0"
    typescript: "npm:^6.0.3"
  peerDependencies:
    react: ^18.2.0
  languageName: unknown
  linkType: soft

"@types/prop-types@npm:*":
  version: 15.7.7
  resolution: "@types/prop-types@npm:15.7.7"
  checksum: 10c0/26d565ebae8c28dede71547d687367ce74eeccc645fdbef2d38478fe293996be24784fa6190586ba303ccd274aa94d8a631d36a5d9b8e0c08f5647ff3244d72c
  languageName: node
  linkType: hard

"@types/react@npm:^18.3.29":
  version: 18.3.29
  resolution: "@types/react@npm:18.3.29"
  dependencies:
    "@types/prop-types": "npm:*"
    csstype: "npm:^3.2.2"
  checksum: 10c0/b582f5c3a034229b2e287f5e39aebf3988d6ce79e7fd81c8257dc55bee0e321ddf708d6014a44c5ceae8debea1e15a93326b207a4fec6a0170200a03d105adfb
  languageName: node
  linkType: hard

"change-case-all@npm:^2.1.0":
  version: 2.1.0
  resolution: "change-case-all@npm:2.1.0"
  dependencies:
    change-case: "npm:^5.2.0"
    sponge-case: "npm:^2.0.2"
    swap-case: "npm:^3.0.2"
    title-case: "npm:^3.0.3"
  checksum: 10c0/67b63d8aa4bc6d45830b3242edb8d230946260264c90f7255894c99fa8be59b1aeb852a2a13a9dde7f3cfbfd149ba8ee0a4dbaf013cd76ed5a644e7f557d6d39
  languageName: node
  linkType: hard

"change-case@npm:^5.2.0":
  version: 5.4.4
  resolution: "change-case@npm:5.4.4"
  checksum: 10c0/2a9c2b9c9ad6ab2491105aaf506db1a9acaf543a18967798dcce20926c6a173aa63266cb6189f3086e3c14bf7ae1f8ea4f96ecc466fcd582310efa00372f3734
  languageName: node
  linkType: hard

"csstype@npm:^3.2.2":
  version: 3.2.3
  resolution: "csstype@npm:3.2.3"
  checksum: 10c0/cd29c51e70fa822f1cecd8641a1445bed7063697469d35633b516e60fe8c1bde04b08f6c5b6022136bb669b64c63d4173af54864510fbb4ee23281801841a3ce
  languageName: node
  linkType: hard

"js-tokens@npm:^3.0.0 || ^4.0.0":
  version: 4.0.0
  resolution: "js-tokens@npm:4.0.0"
  checksum: 10c0/e248708d377aa058eacf2037b07ded847790e6de892bbad3dac0abba2e759cb9f121b00099a65195616badcb6eca8d14d975cb3e89eb1cfda644756402c8aeed
  languageName: node
  linkType: hard

"loose-envify@npm:^1.1.0":
  version: 1.4.0
  resolution: "loose-envify@npm:1.4.0"
  dependencies:
    js-tokens: "npm:^3.0.0 || ^4.0.0"
  bin:
    loose-envify: cli.js
  checksum: 10c0/655d110220983c1a4b9c0c679a2e8016d4b67f6e9c7b5435ff5979ecdb20d0813f4dec0a08674fcbdd4846a3f07edbb50a36811fd37930b94aaa0d9daceb017e
  languageName: node
  linkType: hard

"react@npm:^18.2.0":
  version: 18.2.0
  resolution: "react@npm:18.2.0"
  dependencies:
    loose-envify: "npm:^1.1.0"
  checksum: 10c0/b562d9b569b0cb315e44b48099f7712283d93df36b19a39a67c254c6686479d3980b7f013dc931f4a5a3ae7645eae6386b4aa5eea933baa54ecd0f9acb0902b8
  languageName: node
  linkType: hard

"sponge-case@npm:^2.0.2":
  version: 2.0.3
  resolution: "sponge-case@npm:2.0.3"
  checksum: 10c0/8fb0914cbe2b3f0530a62ba9d03e1e473ba16ba1c7391ff040a948e6c6a620945e6c71fa696050b079ec23366935808bd55d9d004721d76cc7bb0afc81f83616
  languageName: node
  linkType: hard

"swap-case@npm:^3.0.2":
  version: 3.0.3
  resolution: "swap-case@npm:3.0.3"
  checksum: 10c0/8f2d59b6222e0f177c7176e21c51eb5678d63d5635f096019f22a312a7f5c11fc16d475826a1b1fd6b55243183e192c6f497c7090f3b587e16addba794b68ffb
  languageName: node
  linkType: hard

"title-case@npm:^3.0.3":
  version: 3.0.3
  resolution: "title-case@npm:3.0.3"
  dependencies:
    tslib: "npm:^2.0.3"
  checksum: 10c0/face56f686060f777b43a180d371407124d201eb4238c19d9e97030fd54859696ca4e2ca499cc232f8700f24f2414cc08aab9fdf6d39acff055dd825a4d86d6a
  languageName: node
  linkType: hard

"tslib@npm:^2.0.3":
  version: 2.8.1
  resolution: "tslib@npm:2.8.1"
  checksum: 10c0/9c4759110a19c53f992d9aae23aac5ced636e99887b51b9e61def52611732872ff7668757d4e4c61f19691e36f4da981cd9485e869b4a7408d689f6bf1f14e62
  languageName: node
  linkType: hard

"typescript@npm:^6.0.3":
  version: 6.0.3
  resolution: "typescript@npm:6.0.3"
  bin:
    tsc: bin/tsc
    tsserver: bin/tsserver
  checksum: 10c0/4a25ff5045b984370f48f196b3a0120779b1b343d40b9a68d114ea5e5fff099809b2bb777576991a63a5cd59cf7bffd96ff6fe10afcefbcb8bd6fb96ad4b6606
  languageName: node
  linkType: hard

"typescript@patch:typescript@npm%3A^6.0.3#optional!builtin<compat/typescript>":
  version: 6.0.3
  resolution: "typescript@patch:typescript@npm%3A6.0.3#optional!builtin<compat/typescript>::version=6.0.3&hash=5786d5"
  bin:
    tsc: bin/tsc
    tsserver: bin/tsserver
  checksum: 10c0/2f25c74e65663c248fa1ade2b8459d9ce5372ff9dad07067310f132966ebec1d93f6c42f0baf77a6b6a7a91460463f708e6887013aaade22111037457c6b25df
  languageName: node
  linkType: hard
