# THIS IS AN AUTOGENERATED FILE. DO NOT EDIT THIS FILE DIRECTLY.
# yarn lockfile v1


"@lcui/react@^0.4.0":
  version "0.4.0"
  resolved "https://registry.npmmirror.com/@lcui/react/-/react-0.4.0.tgz#6a64e3775993e3417c0bd0b1cadadcc3173903bb"
  integrity sha512-mThYlMK7TCfJb/pmisfbJQ4aPWW4D3TNJE1tuTrMDfgt6zZ53RiD1eGH1sHcSHDTVAio1Ynb3nShtkDMv4ipXQ==
  dependencies:
    change-case-all "^2.1.0"
    react "^18.2.0"

change-case-all@^2.1.0:
  version "2.1.0"
  resolved "https://registry.npmmirror.com/change-case-all/-/change-case-all-2.1.0.tgz#c838988531bba9fa9e4db124f2d3f53a9607acc1"
  integrity sha512-v6b0WWWkZUMHVuYk82l+WROgkUm4qEN2w5hKRNWtEOYwWqUGoi8C6xH0l1RLF1EoWqDFK6MFclmN3od6ws3/uw==
  dependencies:
    change-case "^5.2.0"
    sponge-case "^2.0.2"
    swap-case "^3.0.2"
    title-case "^3.0.3"

change-case@^5.2.0:
  version "5.4.4"
  resolved "https://registry.npmmirror.com/change-case/-/change-case-5.4.4.tgz#0d52b507d8fb8f204343432381d1a6d7bff97a02"
  integrity sha512-HRQyTk2/YPEkt9TnUPbOpr64Uw3KOicFWPVBb+xiHvd6eBx/qPr9xqfBFDT8P2vWsvvz4jbEkfDe71W3VyNu2w==

"js-tokens@^3.0.0 || ^4.0.0":
  version "4.0.0"
  resolved "https://registry.npmmirror.com/js-tokens/-/js-tokens-4.0.0.tgz"
  integrity sha512-RdJUflcE3cUzKiMqQgsCu06FPu9UdIJO0beYbPhHN4k6apgJtifcoCtT9bcxOpYBtpD2kCM6Sbzg4CausW/PKQ==

loose-envify@^1.1.0:
  version "1.4.0"
  resolved "https://registry.npmmirror.com/loose-envify/-/loose-envify-1.4.0.tgz"
  integrity sha512-lyuxPGr/Wfhrlem2CL/UcnUc1zcqKAImBDzukY7Y5F/yQiNdko6+fRLevlw1HgMySw7f611UIY408EtxRSoK3Q==
  dependencies:
    js-tokens "^3.0.0 || ^4.0.0"

react@^18.2.0:
  version "18.3.1"
  resolved "https://registry.npmmirror.com/react/-/react-18.3.1.tgz"
  integrity sha512-wS+hAgJShR0KhEvPJArfuPVN1+Hz1t0Y6n5jLrGQbkb4urgPE/0Rve+1kMB1v/oWgHgm4WIcV+i7F2pTVj+2iQ==
  dependencies:
    loose-envify "^1.1.0"

sponge-case@^2.0.2:
  version "2.0.3"
  resolved "https://registry.npmmirror.com/sponge-case/-/sponge-case-2.0.3.tgz#9e004d04332c307e4895b79eeb6c1f3da86eb203"
  integrity sha512-i4h9ZGRfxV6Xw3mpZSFOfbXjf0cQcYmssGWutgNIfFZ2VM+YIWfD71N/kjjwK6X/AAHzBr+rciEcn/L34S8TGw==

swap-case@^3.0.2:
  version "3.0.3"
  resolved "https://registry.npmmirror.com/swap-case/-/swap-case-3.0.3.tgz#363883b0e8a2837c24d2e0eccb6bdff92e32d711"
  integrity sha512-6p4op8wE9CQv7uDFzulI6YXUw4lD9n4oQierdbFThEKVWVQcbQcUjdP27W8XE7V4QnWmnq9jueSHceyyQnqQVA==

title-case@^3.0.3:
  version "3.0.3"
  resolved "https://registry.npmmirror.com/title-case/-/title-case-3.0.3.tgz#bc689b46f02e411f1d1e1d081f7c3deca0489982"
  integrity sha512-e1zGYRvbffpcHIrnuqT0Dh+gEJtDaxDSoG4JAIpq4oDFyooziLBIiYQv0GBT4FUAnUop5uZ1hiIAj7oAF6sOCA==
  dependencies:
    tslib "^2.0.3"

tslib@^2.0.3:
  version "2.8.1"
  resolved "https://registry.npmmirror.com/tslib/-/tslib-2.8.1.tgz#612efe4ed235d567e8aba5f2a5fab70280ade83f"
  integrity sha512-oJFu94HQb+KVduSUQL7wnpmqnfmLsOA/nAh6b6EH0wCEoK0/mPeXU6c3wKDV83MkOuHPRHtSXKKU99IBazS/2w==

typescript@^5.2.2:
  version "5.2.2"
  resolved "https://registry.npmmirror.com/typescript/-/typescript-5.2.2.tgz"
  integrity sha512-mI4WrpHsbCIcwT9cF4FZvr80QUeKvsUsUvKDoR+X/7XHQH98xYD8YHZg7ANtz2GtZt/CBq2QJ0thkGJMHfqc1w==
